
Microsoft Visual Studio Solution File, Format Version 12.00
# Visual Studio Version 17
VisualStudioVersion = 17.4.33213.308
MinimumVisualStudioVersion = 10.0.40219.1
Project("{2150E333-8FDC-42A3-9474-1A3956D46DE8}") = "PhoneBookApp", "PhoneBookApp", "{8AFFCBD6-AAF9-459C-AAD2-A995F12D9F7C}"
EndProject
Project("{9A19103F-16F7-4668-BE54-9A1E7A4F7556}") = "PhoneBook.API", "PhoneBook.Assement.API\PhoneBook.API.csproj", "{F2B43F42-DAE3-4427-91F2-424908BE28F2}"
EndProject
Project("{9A19103F-16F7-4668-BE54-9A1E7A4F7556}") = "PhoneBook.Application", "PhoneBook.Application\PhoneBook.Application.csproj", "{AF635770-84D2-4169-A164-244CA435470C}"
EndProject
Project("{9A19103F-16F7-4668-BE54-9A1E7A4F7556}") = "PhoneBook.Domain", "PhoneBook.Domain\PhoneBook.Domain.csproj", "{D5871A68-E3F9-48B9-B3E9-4F59931E14BE}"
EndProject
Project("{9A19103F-16F7-4668-BE54-9A1E7A4F7556}") = "PhoneBook.Infrastructure", "PhoneBook.Infrastructure\PhoneBook.Infrastructure.csproj", "{A1D35A1E-A9AA-4BE0-B906-8A817EC0ABA0}"
EndProject
Project("{9A19103F-16F7-4668-BE54-9A1E7A4F7556}") = "PhoneBook.XUnit.Tests", "PhoneBook.XUnit.Tests\PhoneBook.XUnit.Tests.csproj", "{3CD17E24-14B1-49F1-9A59-415A4F7C40CB}"
EndProject
Project("{2150E333-8FDC-42A3-9474-1A3956D46DE8}") = "Services", "Services", "{94EF33F1-4149-4014-9FF5-8DE8A2EF8B8E}"
EndProject
Project("{2150E333-8FDC-42A3-9474-1A3956D46DE8}") = "Common", "Common", "{DE24AB5B-6745-48A2-A453-2995B798AE31}"
EndProject
Project("{9A19103F-16F7-4668-BE54-9A1E7A4F7556}") = "EventBusRabbitMQ", "EventBusRabbitMQ\EventBusRabbitMQ.csproj", "{44387ACC-E6E6-4C5C-9FD7-3A21EDEB533F}"
EndProject
Project("{FAE04EC0-301F-11D3-BF4B-00C04F79EFBC}") = "PhoneBookWorkerService", "WorkerReportService\PhoneBookWorkerService\PhoneBookWorkerService.csproj", "{D980DACC-9EF1-4030-9E08-E7BFE64DC4D7}"
EndProject
Global
	GlobalSection(SolutionConfigurationPlatforms) = preSolution
		Debug|Any CPU = Debug|Any CPU
		Release|Any CPU = Release|Any CPU
	EndGlobalSection
	GlobalSection(ProjectConfigurationPlatforms) = postSolution
		{F2B43F42-DAE3-4427-91F2-424908BE28F2}.Debug|Any CPU.ActiveCfg = Debug|Any CPU
		{F2B43F42-DAE3-4427-91F2-424908BE28F2}.Debug|Any CPU.Build.0 = Debug|Any CPU
		{F2B43F42-DAE3-4427-91F2-424908BE28F2}.Release|Any CPU.ActiveCfg = Release|Any CPU
		{F2B43F42-DAE3-4427-91F2-424908BE28F2}.Release|Any CPU.Build.0 = Release|Any CPU
		{AF635770-84D2-4169-A164-244CA435470C}.Debug|Any CPU.ActiveCfg = Debug|Any CPU
		{AF635770-84D2-4169-A164-244CA435470C}.Debug|Any CPU.Build.0 = Debug|Any CPU
		{AF635770-84D2-4169-A164-244CA435470C}.Release|Any CPU.ActiveCfg = Release|Any CPU
		{AF635770-84D2-4169-A164-244CA435470C}.Release|Any CPU.Build.0 = Release|Any CPU
		{D5871A68-E3F9-48B9-B3E9-4F59931E14BE}.Debug|Any CPU.ActiveCfg = Debug|Any CPU
		{D5871A68-E3F9-48B9-B3E9-4F59931E14BE}.Debug|Any CPU.Build.0 = Debug|Any CPU
		{D5871A68-E3F9-48B9-B3E9-4F59931E14BE}.Release|Any CPU.ActiveCfg = Release|Any CPU
		{D5871A68-E3F9-48B9-B3E9-4F59931E14BE}.Release|Any CPU.Build.0 = Release|Any CPU
		{A1D35A1E-A9AA-4BE0-B906-8A817EC0ABA0}.Debug|Any CPU.ActiveCfg = Debug|Any CPU
		{A1D35A1E-A9AA-4BE0-B906-8A817EC0ABA0}.Debug|Any CPU.Build.0 = Debug|Any CPU
		{A1D35A1E-A9AA-4BE0-B906-8A817EC0ABA0}.Release|Any CPU.ActiveCfg = Release|Any CPU
		{A1D35A1E-A9AA-4BE0-B906-8A817EC0ABA0}.Release|Any CPU.Build.0 = Release|Any CPU
		{3CD17E24-14B1-49F1-9A59-415A4F7C40CB}.Debug|Any CPU.ActiveCfg = Debug|Any CPU
		{3CD17E24-14B1-49F1-9A59-415A4F7C40CB}.Debug|Any CPU.Build.0 = Debug|Any CPU
		{3CD17E24-14B1-49F1-9A59-415A4F7C40CB}.Release|Any CPU.ActiveCfg = Release|Any CPU
		{3CD17E24-14B1-49F1-9A59-415A4F7C40CB}.Release|Any CPU.Build.0 = Release|Any CPU
		{44387ACC-E6E6-4C5C-9FD7-3A21EDEB533F}.Debug|Any CPU.ActiveCfg = Debug|Any CPU
		{44387ACC-E6E6-4C5C-9FD7-3A21EDEB533F}.Debug|Any CPU.Build.0 = Debug|Any CPU
		{44387ACC-E6E6-4C5C-9FD7-3A21EDEB533F}.Release|Any CPU.ActiveCfg = Release|Any CPU
		{44387ACC-E6E6-4C5C-9FD7-3A21EDEB533F}.Release|Any CPU.Build.0 = Release|Any CPU
		{D980DACC-9EF1-4030-9E08-E7BFE64DC4D7}.Debug|Any CPU.ActiveCfg = Debug|Any CPU
		{D980DACC-9EF1-4030-9E08-E7BFE64DC4D7}.Debug|Any CPU.Build.0 = Debug|Any CPU
		{D980DACC-9EF1-4030-9E08-E7BFE64DC4D7}.Release|Any CPU.ActiveCfg = Release|Any CPU
		{D980DACC-9EF1-4030-9E08-E7BFE64DC4D7}.Release|Any CPU.Build.0 = Release|Any CPU
	EndGlobalSection
	GlobalSection(SolutionProperties) = preSolution
		HideSolutionNode = FALSE
	EndGlobalSection
	GlobalSection(NestedProjects) = preSolution
		{F2B43F42-DAE3-4427-91F2-424908BE28F2} = {8AFFCBD6-AAF9-459C-AAD2-A995F12D9F7C}
		{AF635770-84D2-4169-A164-244CA435470C} = {8AFFCBD6-AAF9-459C-AAD2-A995F12D9F7C}
		{D5871A68-E3F9-48B9-B3E9-4F59931E14BE} = {8AFFCBD6-AAF9-459C-AAD2-A995F12D9F7C}
		{A1D35A1E-A9AA-4BE0-B906-8A817EC0ABA0} = {8AFFCBD6-AAF9-459C-AAD2-A995F12D9F7C}
		{3CD17E24-14B1-49F1-9A59-415A4F7C40CB} = {8AFFCBD6-AAF9-459C-AAD2-A995F12D9F7C}
		{DE24AB5B-6745-48A2-A453-2995B798AE31} = {94EF33F1-4149-4014-9FF5-8DE8A2EF8B8E}
		{44387ACC-E6E6-4C5C-9FD7-3A21EDEB533F} = {DE24AB5B-6745-48A2-A453-2995B798AE31}
		{D980DACC-9EF1-4030-9E08-E7BFE64DC4D7} = {8AFFCBD6-AAF9-459C-AAD2-A995F12D9F7C}
	EndGlobalSection
	GlobalSection(ExtensibilityGlobals) = postSolution
		SolutionGuid = {21AFAEDE-3CC3-4C38-9768-500166AEB348}
	EndGlobalSection
EndGlobal
